
Microsoft Visual Studio Solution File, Format Version 12.00
# Visual Studio Version 16
VisualStudioVersion = 16.0.30104.148
MinimumVisualStudioVersion = 10.0.40219.1
Project("{FAE04EC0-301F-11D3-BF4B-00C04F79EFBC}") = "HexagonalArchitecture.Core", "HexagonalArchitecture.Core\HexagonalArchitecture.Core.csproj", "{57B3D91A-9F8E-45FC-8FC2-6EF4C8244F7E}"
EndProject
Global
	GlobalSection(SolutionConfigurationPlatforms) = preSolution
		Debug|Any CPU = Debug|Any CPU
		Release|Any CPU = Release|Any CPU
	EndGlobalSection
	GlobalSection(ProjectConfigurationPlatforms) = postSolution
		{57B3D91A-9F8E-45FC-8FC2-6EF4C8244F7E}.Debug|Any CPU.ActiveCfg = Debug|Any CPU
		{57B3D91A-9F8E-45FC-8FC2-6EF4C8244F7E}.Debug|Any CPU.Build.0 = Debug|Any CPU
		{57B3D91A-9F8E-45FC-8FC2-6EF4C8244F7E}.Release|Any CPU.ActiveCfg = Release|Any CPU
		{57B3D91A-9F8E-45FC-8FC2-6EF4C8244F7E}.Release|Any CPU.Build.0 = Release|Any CPU
	EndGlobalSection
	GlobalSection(SolutionProperties) = preSolution
		HideSolutionNode = FALSE
	EndGlobalSection
	GlobalSection(ExtensibilityGlobals) = postSolution
		SolutionGuid = {16F1E492-23B6-4737-A464-2CD6F602EFF4}
	EndGlobalSection
EndGlobal
